PODS:
  - FlutterMacOS (1.0.0)
  - navigator_plus (0.0.1):
    - FlutterMacOS

DEPENDENCIES:
  - FlutterMacOS (from `Flutter/ephemeral`)
  - navigator_plus (from `Flutter/ephemeral/.symlinks/plugins/navigator_plus/macos`)

EXTERNAL SOURCES:
  FlutterMacOS:
    :path: Flutter/ephemeral
  navigator_plus:
    :path: Flutter/ephemeral/.symlinks/plugins/navigator_plus/macos

SPEC CHECKSUMS:
  FlutterMacOS: 8f6f14fa908a6fb3fba0cd85dbd81ec4b251fb24
  navigator_plus: f26f77b174d81eb9237d21803d01acc4d1f18deb

PODFILE CHECKSUM: 236401fc2c932af29a9fcf0e97baeeb2d750d367

COCOAPODS: 1.16.2
